
Microsoft Visual Studio Solution File, Format Version 12.00
# Visual Studio Version 16
VisualStudioVersion = 16.0.30907.101
MinimumVisualStudioVersion = 10.0.40219.1
Project("{9A19103F-16F7-4668-BE54-9A1E7A4F7556}") = "Logger", "Logger\Logger.csproj", "{6A57351C-9693-4BEE-9F0C-7165E1594E05}"
EndProject
Project("{2150E333-8FDC-42A3-9474-1A3956D46DE8}") = "Solution items", "Solution items", "{2F6944FC-747E-4F63-9AE2-38B44619CD53}"
	ProjectSection(SolutionItems) = preProject
		..\..\..\..\..\Desktop\StyleCop\settings.ruleset = ..\..\..\..\..\Desktop\StyleCop\settings.ruleset
		..\..\..\..\..\Desktop\StyleCop\stylecop.json = ..\..\..\..\..\Desktop\StyleCop\stylecop.json
	EndProjectSection
EndProject
Global
	GlobalSection(SolutionConfigurationPlatforms) = preSolution
		Debug|Any CPU = Debug|Any CPU
		Release|Any CPU = Release|Any CPU
	EndGlobalSection
	GlobalSection(ProjectConfigurationPlatforms) = postSolution
		{6A57351C-9693-4BEE-9F0C-7165E1594E05}.Debug|Any CPU.ActiveCfg = Debug|Any CPU
		{6A57351C-9693-4BEE-9F0C-7165E1594E05}.Debug|Any CPU.Build.0 = Debug|Any CPU
		{6A57351C-9693-4BEE-9F0C-7165E1594E05}.Release|Any CPU.ActiveCfg = Release|Any CPU
		{6A57351C-9693-4BEE-9F0C-7165E1594E05}.Release|Any CPU.Build.0 = Release|Any CPU
	EndGlobalSection
	GlobalSection(SolutionProperties) = preSolution
		HideSolutionNode = FALSE
	EndGlobalSection
	GlobalSection(ExtensibilityGlobals) = postSolution
		SolutionGuid = {FE5D497A-8D08-4D03-AB23-B90020F6CEEB}
	EndGlobalSection
EndGlobal
